
Microsoft Visual Studio Solution File, Format Version 12.00
# Visual Studio Version 16
VisualStudioVersion = 16.0.29503.13
MinimumVisualStudioVersion = 10.0.40219.1
Project("{FAE04EC0-301F-11D3-BF4B-00C04F79EFBC}") = "Breeze.Core", "Breeze.Core.csproj", "{50D8091B-CF84-4508-980C-BCDC3891939F}"
EndProject
Global
	GlobalSection(SolutionConfigurationPlatforms) = preSolution
		Debug|Any CPU = Debug|Any CPU
		Release|Any CPU = Release|Any CPU
	EndGlobalSection
	GlobalSection(ProjectConfigurationPlatforms) = postSolution
		{50D8091B-CF84-4508-980C-BCDC3891939F}.Debug|Any CPU.ActiveCfg = Debug|Any CPU
		{50D8091B-CF84-4508-980C-BCDC3891939F}.Debug|Any CPU.Build.0 = Debug|Any CPU
		{50D8091B-CF84-4508-980C-BCDC3891939F}.Release|Any CPU.ActiveCfg = Release|Any CPU
		{50D8091B-CF84-4508-980C-BCDC3891939F}.Release|Any CPU.Build.0 = Release|Any CPU
	EndGlobalSection
	GlobalSection(SolutionProperties) = preSolution
		HideSolutionNode = FALSE
	EndGlobalSection
	GlobalSection(ExtensibilityGlobals) = postSolution
		SolutionGuid = {D1D9765C-FCDC-4B27-B000-D922B5F6D775}
	EndGlobalSection
EndGlobal
