
Microsoft Visual Studio Solution File, Format Version 12.00
# Visual Studio 14
VisualStudioVersion = 14.0.25420.1
MinimumVisualStudioVersion = 10.0.40219.1
Project("{FAE04EC0-301F-11D3-BF4B-00C04F79EFBC}") = "Breeze.Core", "Breeze.Core\Breeze.Core.csproj", "{1E234391-D1C2-46CA-89FE-D217F4442AE7}"
EndProject
Project("{FAE04EC0-301F-11D3-BF4B-00C04F79EFBC}") = "Breeze.AspNetCore.NetFramework", "Breeze.AspNetCore.NetFramework\Breeze.AspNetCore.NetFramework.csproj", "{576BB7E7-570E-4BAB-8AD7-288D53F5BBAE}"
EndProject
Project("{FAE04EC0-301F-11D3-BF4B-00C04F79EFBC}") = "Breeze.Persistence", "Breeze.Persistence\Breeze.Persistence.csproj", "{3E6C8FE4-65BD-4B16-8182-3714B3EC602C}"
EndProject
Project("{FAE04EC0-301F-11D3-BF4B-00C04F79EFBC}") = "Breeze.Persistence.EF6", "Breeze.Persistence.EF6\Breeze.Persistence.EF6.csproj", "{BE6F3A72-1B22-4E1E-8DDE-AC65C3093A55}"
EndProject
Global
	GlobalSection(SolutionConfigurationPlatforms) = preSolution
		Debug|Any CPU = Debug|Any CPU
		OData-debug|Any CPU = OData-debug|Any CPU
		Release|Any CPU = Release|Any CPU
	EndGlobalSection
	GlobalSection(ProjectConfigurationPlatforms) = postSolution
		{1E234391-D1C2-46CA-89FE-D217F4442AE7}.Debug|Any CPU.ActiveCfg = Debug|Any CPU
		{1E234391-D1C2-46CA-89FE-D217F4442AE7}.Debug|Any CPU.Build.0 = Debug|Any CPU
		{1E234391-D1C2-46CA-89FE-D217F4442AE7}.OData-debug|Any CPU.ActiveCfg = Release|Any CPU
		{1E234391-D1C2-46CA-89FE-D217F4442AE7}.OData-debug|Any CPU.Build.0 = Release|Any CPU
		{1E234391-D1C2-46CA-89FE-D217F4442AE7}.Release|Any CPU.ActiveCfg = Release|Any CPU
		{1E234391-D1C2-46CA-89FE-D217F4442AE7}.Release|Any CPU.Build.0 = Release|Any CPU
		{576BB7E7-570E-4BAB-8AD7-288D53F5BBAE}.Debug|Any CPU.ActiveCfg = Debug|Any CPU
		{576BB7E7-570E-4BAB-8AD7-288D53F5BBAE}.Debug|Any CPU.Build.0 = Debug|Any CPU
		{576BB7E7-570E-4BAB-8AD7-288D53F5BBAE}.OData-debug|Any CPU.ActiveCfg = Release|Any CPU
		{576BB7E7-570E-4BAB-8AD7-288D53F5BBAE}.OData-debug|Any CPU.Build.0 = Release|Any CPU
		{576BB7E7-570E-4BAB-8AD7-288D53F5BBAE}.Release|Any CPU.ActiveCfg = Release|Any CPU
		{576BB7E7-570E-4BAB-8AD7-288D53F5BBAE}.Release|Any CPU.Build.0 = Release|Any CPU
		{3E6C8FE4-65BD-4B16-8182-3714B3EC602C}.Debug|Any CPU.ActiveCfg = Debug|Any CPU
		{3E6C8FE4-65BD-4B16-8182-3714B3EC602C}.Debug|Any CPU.Build.0 = Debug|Any CPU
		{3E6C8FE4-65BD-4B16-8182-3714B3EC602C}.OData-debug|Any CPU.ActiveCfg = OData-debug|Any CPU
		{3E6C8FE4-65BD-4B16-8182-3714B3EC602C}.OData-debug|Any CPU.Build.0 = OData-debug|Any CPU
		{3E6C8FE4-65BD-4B16-8182-3714B3EC602C}.Release|Any CPU.ActiveCfg = Release|Any CPU
		{3E6C8FE4-65BD-4B16-8182-3714B3EC602C}.Release|Any CPU.Build.0 = Release|Any CPU
		{BE6F3A72-1B22-4E1E-8DDE-AC65C3093A55}.Debug|Any CPU.ActiveCfg = Debug|Any CPU
		{BE6F3A72-1B22-4E1E-8DDE-AC65C3093A55}.Debug|Any CPU.Build.0 = Debug|Any CPU
		{BE6F3A72-1B22-4E1E-8DDE-AC65C3093A55}.OData-debug|Any CPU.ActiveCfg = OData-debug|Any CPU
		{BE6F3A72-1B22-4E1E-8DDE-AC65C3093A55}.OData-debug|Any CPU.Build.0 = OData-debug|Any CPU
		{BE6F3A72-1B22-4E1E-8DDE-AC65C3093A55}.Release|Any CPU.ActiveCfg = Release|Any CPU
		{BE6F3A72-1B22-4E1E-8DDE-AC65C3093A55}.Release|Any CPU.Build.0 = Release|Any CPU
	EndGlobalSection
	GlobalSection(SolutionProperties) = preSolution
		HideSolutionNode = FALSE
	EndGlobalSection
EndGlobal
