
Microsoft Visual Studio Solution File, Format Version 12.00
# Visual Studio 14
VisualStudioVersion = 14.0.25420.1
MinimumVisualStudioVersion = 10.0.40219.1
Project("{8BB2217D-0F2D-49D1-97BC-3654ED321F3B}") = "Breeze.AspCore", "Breeze.AspCore\Breeze.AspCore.xproj", "{E19A775E-FFFE-4F00-AF0E-D41490AFE2AC}"
EndProject
Project("{FAE04EC0-301F-11D3-BF4B-00C04F79EFBC}") = "Breeze.ContextProvider", "Breeze.ContextProvider\Breeze.ContextProvider.csproj", "{3E6C8FE4-65BD-4B16-8182-3714B3EC602C}"
EndProject
Project("{FAE04EC0-301F-11D3-BF4B-00C04F79EFBC}") = "Breeze.ContextProvider.EF6", "Breeze.ContextProvider.EF6\Breeze.ContextProvider.EF6.csproj", "{BE6F3A72-1B22-4E1E-8DDE-AC65C3093A55}"
EndProject
Project("{FAE04EC0-301F-11D3-BF4B-00C04F79EFBC}") = "Model_NorthwindIB_CF.EF6", "..\Tests\Model_NorthwindIB_CF.EF6\Model_NorthwindIB_CF.EF6.csproj", "{763B4341-7A4E-4880-A4E2-31AADC05F1AD}"
EndProject
Global
	GlobalSection(SolutionConfigurationPlatforms) = preSolution
		Debug|Any CPU = Debug|Any CPU
		OData-debug|Any CPU = OData-debug|Any CPU
		Release|Any CPU = Release|Any CPU
	EndGlobalSection
	GlobalSection(ProjectConfigurationPlatforms) = postSolution
		{E19A775E-FFFE-4F00-AF0E-D41490AFE2AC}.Debug|Any CPU.ActiveCfg = Debug|Any CPU
		{E19A775E-FFFE-4F00-AF0E-D41490AFE2AC}.Debug|Any CPU.Build.0 = Debug|Any CPU
		{E19A775E-FFFE-4F00-AF0E-D41490AFE2AC}.OData-debug|Any CPU.ActiveCfg = Debug|Any CPU
		{E19A775E-FFFE-4F00-AF0E-D41490AFE2AC}.OData-debug|Any CPU.Build.0 = Debug|Any CPU
		{E19A775E-FFFE-4F00-AF0E-D41490AFE2AC}.Release|Any CPU.ActiveCfg = Release|Any CPU
		{E19A775E-FFFE-4F00-AF0E-D41490AFE2AC}.Release|Any CPU.Build.0 = Release|Any CPU
		{3E6C8FE4-65BD-4B16-8182-3714B3EC602C}.Debug|Any CPU.ActiveCfg = Debug|Any CPU
		{3E6C8FE4-65BD-4B16-8182-3714B3EC602C}.Debug|Any CPU.Build.0 = Debug|Any CPU
		{3E6C8FE4-65BD-4B16-8182-3714B3EC602C}.OData-debug|Any CPU.ActiveCfg = OData-debug|Any CPU
		{3E6C8FE4-65BD-4B16-8182-3714B3EC602C}.OData-debug|Any CPU.Build.0 = OData-debug|Any CPU
		{3E6C8FE4-65BD-4B16-8182-3714B3EC602C}.Release|Any CPU.ActiveCfg = Release|Any CPU
		{3E6C8FE4-65BD-4B16-8182-3714B3EC602C}.Release|Any CPU.Build.0 = Release|Any CPU
		{BE6F3A72-1B22-4E1E-8DDE-AC65C3093A55}.Debug|Any CPU.ActiveCfg = Debug|Any CPU
		{BE6F3A72-1B22-4E1E-8DDE-AC65C3093A55}.Debug|Any CPU.Build.0 = Debug|Any CPU
		{BE6F3A72-1B22-4E1E-8DDE-AC65C3093A55}.OData-debug|Any CPU.ActiveCfg = OData-debug|Any CPU
		{BE6F3A72-1B22-4E1E-8DDE-AC65C3093A55}.OData-debug|Any CPU.Build.0 = OData-debug|Any CPU
		{BE6F3A72-1B22-4E1E-8DDE-AC65C3093A55}.Release|Any CPU.ActiveCfg = Release|Any CPU
		{BE6F3A72-1B22-4E1E-8DDE-AC65C3093A55}.Release|Any CPU.Build.0 = Release|Any CPU
		{763B4341-7A4E-4880-A4E2-31AADC05F1AD}.Debug|Any CPU.ActiveCfg = Debug|Any CPU
		{763B4341-7A4E-4880-A4E2-31AADC05F1AD}.Debug|Any CPU.Build.0 = Debug|Any CPU
		{763B4341-7A4E-4880-A4E2-31AADC05F1AD}.OData-debug|Any CPU.ActiveCfg = OData-debug|Any CPU
		{763B4341-7A4E-4880-A4E2-31AADC05F1AD}.OData-debug|Any CPU.Build.0 = OData-debug|Any CPU
		{763B4341-7A4E-4880-A4E2-31AADC05F1AD}.Release|Any CPU.ActiveCfg = Release|Any CPU
		{763B4341-7A4E-4880-A4E2-31AADC05F1AD}.Release|Any CPU.Build.0 = Release|Any CPU
	EndGlobalSection
	GlobalSection(SolutionProperties) = preSolution
		HideSolutionNode = FALSE
	EndGlobalSection
EndGlobal
