
Microsoft Visual Studio Solution File, Format Version 12.00
# Visual Studio 15
VisualStudioVersion = 15.0.27130.2003
MinimumVisualStudioVersion = 10.0.40219.1
Project("{9A19103F-16F7-4668-BE54-9A1E7A4F7556}") = "Breeze.Core", "Breeze.Core\Breeze.Core.csproj", "{B3BFD33B-78D7-49B1-B0DB-3BF4AA66F08D}"
EndProject
Project("{9A19103F-16F7-4668-BE54-9A1E7A4F7556}") = "Breeze.Persistence", "Breeze.Persistence\Breeze.Persistence.csproj", "{D5BB5CAD-F5DD-4D44-ADC9-C8927ACC0BA0}"
EndProject
Project("{9A19103F-16F7-4668-BE54-9A1E7A4F7556}") = "Breeze.AspNetCore.NetCore", "Breeze.AspNetCore.NetCore\Breeze.AspNetCore.NetCore.csproj", "{60337B3F-09AC-4FE0-BFDF-FCD3CBBC825D}"
EndProject
Project("{9A19103F-16F7-4668-BE54-9A1E7A4F7556}") = "Breeze.Persistence.EF6", "Breeze.Persistence.EF6\Breeze.Persistence.EF6.csproj", "{BE6F3A72-1B22-4E1E-8DDE-AC65C3093A55}"
EndProject
Global
	GlobalSection(SolutionConfigurationPlatforms) = preSolution
		Debug|Any CPU = Debug|Any CPU
		OData-debug|Any CPU = OData-debug|Any CPU
		Release|Any CPU = Release|Any CPU
	EndGlobalSection
	GlobalSection(ProjectConfigurationPlatforms) = postSolution
		{B3BFD33B-78D7-49B1-B0DB-3BF4AA66F08D}.Debug|Any CPU.ActiveCfg = Debug|Any CPU
		{B3BFD33B-78D7-49B1-B0DB-3BF4AA66F08D}.Debug|Any CPU.Build.0 = Debug|Any CPU
		{B3BFD33B-78D7-49B1-B0DB-3BF4AA66F08D}.OData-debug|Any CPU.ActiveCfg = Debug|Any CPU
		{B3BFD33B-78D7-49B1-B0DB-3BF4AA66F08D}.OData-debug|Any CPU.Build.0 = Debug|Any CPU
		{B3BFD33B-78D7-49B1-B0DB-3BF4AA66F08D}.Release|Any CPU.ActiveCfg = Release|Any CPU
		{B3BFD33B-78D7-49B1-B0DB-3BF4AA66F08D}.Release|Any CPU.Build.0 = Release|Any CPU
		{D5BB5CAD-F5DD-4D44-ADC9-C8927ACC0BA0}.Debug|Any CPU.ActiveCfg = Debug|Any CPU
		{D5BB5CAD-F5DD-4D44-ADC9-C8927ACC0BA0}.Debug|Any CPU.Build.0 = Debug|Any CPU
		{D5BB5CAD-F5DD-4D44-ADC9-C8927ACC0BA0}.OData-debug|Any CPU.ActiveCfg = Debug|Any CPU
		{D5BB5CAD-F5DD-4D44-ADC9-C8927ACC0BA0}.OData-debug|Any CPU.Build.0 = Debug|Any CPU
		{D5BB5CAD-F5DD-4D44-ADC9-C8927ACC0BA0}.Release|Any CPU.ActiveCfg = Release|Any CPU
		{D5BB5CAD-F5DD-4D44-ADC9-C8927ACC0BA0}.Release|Any CPU.Build.0 = Release|Any CPU
		{60337B3F-09AC-4FE0-BFDF-FCD3CBBC825D}.Debug|Any CPU.ActiveCfg = Debug|Any CPU
		{60337B3F-09AC-4FE0-BFDF-FCD3CBBC825D}.Debug|Any CPU.Build.0 = Debug|Any CPU
		{60337B3F-09AC-4FE0-BFDF-FCD3CBBC825D}.OData-debug|Any CPU.ActiveCfg = Debug|Any CPU
		{60337B3F-09AC-4FE0-BFDF-FCD3CBBC825D}.OData-debug|Any CPU.Build.0 = Debug|Any CPU
		{60337B3F-09AC-4FE0-BFDF-FCD3CBBC825D}.Release|Any CPU.ActiveCfg = Release|Any CPU
		{60337B3F-09AC-4FE0-BFDF-FCD3CBBC825D}.Release|Any CPU.Build.0 = Release|Any CPU
		{BE6F3A72-1B22-4E1E-8DDE-AC65C3093A55}.Debug|Any CPU.ActiveCfg = Debug|Any CPU
		{BE6F3A72-1B22-4E1E-8DDE-AC65C3093A55}.Debug|Any CPU.Build.0 = Debug|Any CPU
		{BE6F3A72-1B22-4E1E-8DDE-AC65C3093A55}.OData-debug|Any CPU.ActiveCfg = Release|Any CPU
		{BE6F3A72-1B22-4E1E-8DDE-AC65C3093A55}.OData-debug|Any CPU.Build.0 = Release|Any CPU
		{BE6F3A72-1B22-4E1E-8DDE-AC65C3093A55}.Release|Any CPU.ActiveCfg = Release|Any CPU
		{BE6F3A72-1B22-4E1E-8DDE-AC65C3093A55}.Release|Any CPU.Build.0 = Release|Any CPU
	EndGlobalSection
	GlobalSection(SolutionProperties) = preSolution
		HideSolutionNode = FALSE
	EndGlobalSection
	GlobalSection(ExtensibilityGlobals) = postSolution
		SolutionGuid = {D1A17E67-2F5A-4AA6-A2A3-413237738EAE}
	EndGlobalSection
EndGlobal
