Microsoft Visual Studio Solution File, Format Version 12.00
# Visual Studio 15
VisualStudioVersion = 15.0.25302.0
MinimumVisualStudioVersion = 10.0.40219.1
Project("{2150E333-8FDC-42A3-9474-1A3956D46DE8}") = "Docs", "Docs", "{870357DE-CA2C-4B2E-9AF2-3B822E26D57B}"
	ProjectSection(SolutionItems) = preProject
		__Notes.txt = __Notes.txt
	EndProjectSection
EndProject
Project("{2150E333-8FDC-42A3-9474-1A3956D46DE8}") = "Solution Items", "Solution Items", "{AAD6F7A0-766C-468C-9F89-6A53CEC59350}"
	ProjectSection(SolutionItems) = preProject
		Breeze.vsmdi = Breeze.vsmdi
		Local.testsettings = Local.testsettings
		TraceAndTestImpact.testsettings = TraceAndTestImpact.testsettings
	EndProjectSection
EndProject
Project("{FAE04EC0-301F-11D3-BF4B-00C04F79EFBC}") = "Breeze.ContextProvider", "Breeze.ContextProvider\Breeze.ContextProvider.csproj", "{3E6C8FE4-65BD-4B16-8182-3714B3EC602C}"
EndProject
Project("{FAE04EC0-301F-11D3-BF4B-00C04F79EFBC}") = "Breeze.ContextProvider.EF6", "Breeze.ContextProvider.EF6\Breeze.ContextProvider.EF6.csproj", "{BE6F3A72-1B22-4E1E-8DDE-AC65C3093A55}"
EndProject
Project("{FAE04EC0-301F-11D3-BF4B-00C04F79EFBC}") = "Breeze.ContextProvider.NH", "Breeze.ContextProvider.NH\Breeze.ContextProvider.NH.csproj", "{15246B9C-5558-4BCE-894F-52C4F785BBCC}"
EndProject
Project("{FAE04EC0-301F-11D3-BF4B-00C04F79EFBC}") = "Breeze.WebApi2", "Breeze.WebApi2\Breeze.WebApi2.csproj", "{AB54C69A-14C0-4E60-9DD4-CBEA3685C7DD}"
EndProject
Project("{FAE04EC0-301F-11D3-BF4B-00C04F79EFBC}") = "Breeze.ContextProvider.EFC1", "Breeze.ContextProvider.EFC1\Breeze.ContextProvider.EFC1.csproj", "{FDC51E4E-9C7A-424E-BA80-882102C3718D}"
EndProject
Project("{FAE04EC0-301F-11D3-BF4B-00C04F79EFBC}") = "Breeze.WebApi2.EFC1", "Breeze.WebApi2.EFC1\Breeze.WebApi2.EFC1.csproj", "{BEF195C8-90BB-4E07-AF4D-393055A9FC7B}"
EndProject
Global
	GlobalSection(SolutionConfigurationPlatforms) = preSolution
		Debug|Any CPU = Debug|Any CPU
		Debug|Mixed Platforms = Debug|Mixed Platforms
		Debug|x86 = Debug|x86
		OData-debug|Any CPU = OData-debug|Any CPU
		OData-debug|Mixed Platforms = OData-debug|Mixed Platforms
		OData-debug|x86 = OData-debug|x86
		Release|Any CPU = Release|Any CPU
		Release|Mixed Platforms = Release|Mixed Platforms
		Release|x86 = Release|x86
	EndGlobalSection
	GlobalSection(ProjectConfigurationPlatforms) = postSolution
		{3E6C8FE4-65BD-4B16-8182-3714B3EC602C}.Debug|Any CPU.ActiveCfg = Debug|Any CPU
		{3E6C8FE4-65BD-4B16-8182-3714B3EC602C}.Debug|Any CPU.Build.0 = Debug|Any CPU
		{3E6C8FE4-65BD-4B16-8182-3714B3EC602C}.Debug|Mixed Platforms.ActiveCfg = Debug|Any CPU
		{3E6C8FE4-65BD-4B16-8182-3714B3EC602C}.Debug|Mixed Platforms.Build.0 = Debug|Any CPU
		{3E6C8FE4-65BD-4B16-8182-3714B3EC602C}.Debug|x86.ActiveCfg = Debug|Any CPU
		{3E6C8FE4-65BD-4B16-8182-3714B3EC602C}.OData-debug|Any CPU.ActiveCfg = OData-debug|Any CPU
		{3E6C8FE4-65BD-4B16-8182-3714B3EC602C}.OData-debug|Any CPU.Build.0 = OData-debug|Any CPU
		{3E6C8FE4-65BD-4B16-8182-3714B3EC602C}.OData-debug|Mixed Platforms.ActiveCfg = OData-debug|Any CPU
		{3E6C8FE4-65BD-4B16-8182-3714B3EC602C}.OData-debug|Mixed Platforms.Build.0 = OData-debug|Any CPU
		{3E6C8FE4-65BD-4B16-8182-3714B3EC602C}.OData-debug|x86.ActiveCfg = OData-debug|Any CPU
		{3E6C8FE4-65BD-4B16-8182-3714B3EC602C}.Release|Any CPU.ActiveCfg = Release|Any CPU
		{3E6C8FE4-65BD-4B16-8182-3714B3EC602C}.Release|Any CPU.Build.0 = Release|Any CPU
		{3E6C8FE4-65BD-4B16-8182-3714B3EC602C}.Release|Mixed Platforms.ActiveCfg = Release|Any CPU
		{3E6C8FE4-65BD-4B16-8182-3714B3EC602C}.Release|Mixed Platforms.Build.0 = Release|Any CPU
		{3E6C8FE4-65BD-4B16-8182-3714B3EC602C}.Release|x86.ActiveCfg = Release|Any CPU
		{BE6F3A72-1B22-4E1E-8DDE-AC65C3093A55}.Debug|Any CPU.ActiveCfg = Debug|Any CPU
		{BE6F3A72-1B22-4E1E-8DDE-AC65C3093A55}.Debug|Any CPU.Build.0 = Debug|Any CPU
		{BE6F3A72-1B22-4E1E-8DDE-AC65C3093A55}.Debug|Mixed Platforms.ActiveCfg = Debug|Any CPU
		{BE6F3A72-1B22-4E1E-8DDE-AC65C3093A55}.Debug|Mixed Platforms.Build.0 = Debug|Any CPU
		{BE6F3A72-1B22-4E1E-8DDE-AC65C3093A55}.Debug|x86.ActiveCfg = Debug|Any CPU
		{BE6F3A72-1B22-4E1E-8DDE-AC65C3093A55}.OData-debug|Any CPU.ActiveCfg = Release|Any CPU
		{BE6F3A72-1B22-4E1E-8DDE-AC65C3093A55}.OData-debug|Any CPU.Build.0 = Release|Any CPU
		{BE6F3A72-1B22-4E1E-8DDE-AC65C3093A55}.OData-debug|Mixed Platforms.ActiveCfg = Release|Any CPU
		{BE6F3A72-1B22-4E1E-8DDE-AC65C3093A55}.OData-debug|Mixed Platforms.Build.0 = Release|Any CPU
		{BE6F3A72-1B22-4E1E-8DDE-AC65C3093A55}.OData-debug|x86.ActiveCfg = Release|Any CPU
		{BE6F3A72-1B22-4E1E-8DDE-AC65C3093A55}.Release|Any CPU.ActiveCfg = Release|Any CPU
		{BE6F3A72-1B22-4E1E-8DDE-AC65C3093A55}.Release|Any CPU.Build.0 = Release|Any CPU
		{BE6F3A72-1B22-4E1E-8DDE-AC65C3093A55}.Release|Mixed Platforms.ActiveCfg = Release|Any CPU
		{BE6F3A72-1B22-4E1E-8DDE-AC65C3093A55}.Release|Mixed Platforms.Build.0 = Release|Any CPU
		{BE6F3A72-1B22-4E1E-8DDE-AC65C3093A55}.Release|x86.ActiveCfg = Release|Any CPU
		{15246B9C-5558-4BCE-894F-52C4F785BBCC}.Debug|Any CPU.ActiveCfg = Debug|Any CPU
		{15246B9C-5558-4BCE-894F-52C4F785BBCC}.Debug|Any CPU.Build.0 = Debug|Any CPU
		{15246B9C-5558-4BCE-894F-52C4F785BBCC}.Debug|Mixed Platforms.ActiveCfg = Debug|Any CPU
		{15246B9C-5558-4BCE-894F-52C4F785BBCC}.Debug|Mixed Platforms.Build.0 = Debug|Any CPU
		{15246B9C-5558-4BCE-894F-52C4F785BBCC}.Debug|x86.ActiveCfg = Debug|Any CPU
		{15246B9C-5558-4BCE-894F-52C4F785BBCC}.OData-debug|Any CPU.ActiveCfg = Release|Any CPU
		{15246B9C-5558-4BCE-894F-52C4F785BBCC}.OData-debug|Any CPU.Build.0 = Release|Any CPU
		{15246B9C-5558-4BCE-894F-52C4F785BBCC}.OData-debug|Mixed Platforms.ActiveCfg = Release|Any CPU
		{15246B9C-5558-4BCE-894F-52C4F785BBCC}.OData-debug|Mixed Platforms.Build.0 = Release|Any CPU
		{15246B9C-5558-4BCE-894F-52C4F785BBCC}.OData-debug|x86.ActiveCfg = Release|Any CPU
		{15246B9C-5558-4BCE-894F-52C4F785BBCC}.Release|Any CPU.ActiveCfg = Release|Any CPU
		{15246B9C-5558-4BCE-894F-52C4F785BBCC}.Release|Any CPU.Build.0 = Release|Any CPU
		{15246B9C-5558-4BCE-894F-52C4F785BBCC}.Release|Mixed Platforms.ActiveCfg = Release|Any CPU
		{15246B9C-5558-4BCE-894F-52C4F785BBCC}.Release|Mixed Platforms.Build.0 = Release|Any CPU
		{15246B9C-5558-4BCE-894F-52C4F785BBCC}.Release|x86.ActiveCfg = Release|Any CPU
		{AB54C69A-14C0-4E60-9DD4-CBEA3685C7DD}.Debug|Any CPU.ActiveCfg = Debug|Any CPU
		{AB54C69A-14C0-4E60-9DD4-CBEA3685C7DD}.Debug|Any CPU.Build.0 = Debug|Any CPU
		{AB54C69A-14C0-4E60-9DD4-CBEA3685C7DD}.Debug|Mixed Platforms.ActiveCfg = Debug|Any CPU
		{AB54C69A-14C0-4E60-9DD4-CBEA3685C7DD}.Debug|Mixed Platforms.Build.0 = Debug|Any CPU
		{AB54C69A-14C0-4E60-9DD4-CBEA3685C7DD}.Debug|x86.ActiveCfg = Debug|Any CPU
		{AB54C69A-14C0-4E60-9DD4-CBEA3685C7DD}.OData-debug|Any CPU.ActiveCfg = OData-debug|Any CPU
		{AB54C69A-14C0-4E60-9DD4-CBEA3685C7DD}.OData-debug|Any CPU.Build.0 = OData-debug|Any CPU
		{AB54C69A-14C0-4E60-9DD4-CBEA3685C7DD}.OData-debug|Mixed Platforms.ActiveCfg = OData-debug|Any CPU
		{AB54C69A-14C0-4E60-9DD4-CBEA3685C7DD}.OData-debug|Mixed Platforms.Build.0 = OData-debug|Any CPU
		{AB54C69A-14C0-4E60-9DD4-CBEA3685C7DD}.OData-debug|x86.ActiveCfg = OData-debug|Any CPU
		{AB54C69A-14C0-4E60-9DD4-CBEA3685C7DD}.Release|Any CPU.ActiveCfg = Release|Any CPU
		{AB54C69A-14C0-4E60-9DD4-CBEA3685C7DD}.Release|Any CPU.Build.0 = Release|Any CPU
		{AB54C69A-14C0-4E60-9DD4-CBEA3685C7DD}.Release|Mixed Platforms.ActiveCfg = Release|Any CPU
		{AB54C69A-14C0-4E60-9DD4-CBEA3685C7DD}.Release|Mixed Platforms.Build.0 = Release|Any CPU
		{AB54C69A-14C0-4E60-9DD4-CBEA3685C7DD}.Release|x86.ActiveCfg = Release|Any CPU
		{FDC51E4E-9C7A-424E-BA80-882102C3718D}.Debug|Any CPU.ActiveCfg = Debug|Any CPU
		{FDC51E4E-9C7A-424E-BA80-882102C3718D}.Debug|Any CPU.Build.0 = Debug|Any CPU
		{FDC51E4E-9C7A-424E-BA80-882102C3718D}.Debug|Mixed Platforms.ActiveCfg = Debug|Any CPU
		{FDC51E4E-9C7A-424E-BA80-882102C3718D}.Debug|Mixed Platforms.Build.0 = Debug|Any CPU
		{FDC51E4E-9C7A-424E-BA80-882102C3718D}.Debug|x86.ActiveCfg = Debug|Any CPU
		{FDC51E4E-9C7A-424E-BA80-882102C3718D}.Debug|x86.Build.0 = Debug|Any CPU
		{FDC51E4E-9C7A-424E-BA80-882102C3718D}.OData-debug|Any CPU.ActiveCfg = Release|Any CPU
		{FDC51E4E-9C7A-424E-BA80-882102C3718D}.OData-debug|Any CPU.Build.0 = Release|Any CPU
		{FDC51E4E-9C7A-424E-BA80-882102C3718D}.OData-debug|Mixed Platforms.ActiveCfg = Release|Any CPU
		{FDC51E4E-9C7A-424E-BA80-882102C3718D}.OData-debug|Mixed Platforms.Build.0 = Release|Any CPU
		{FDC51E4E-9C7A-424E-BA80-882102C3718D}.OData-debug|x86.ActiveCfg = Release|Any CPU
		{FDC51E4E-9C7A-424E-BA80-882102C3718D}.OData-debug|x86.Build.0 = Release|Any CPU
		{FDC51E4E-9C7A-424E-BA80-882102C3718D}.Release|Any CPU.ActiveCfg = Release|Any CPU
		{FDC51E4E-9C7A-424E-BA80-882102C3718D}.Release|Any CPU.Build.0 = Release|Any CPU
		{FDC51E4E-9C7A-424E-BA80-882102C3718D}.Release|Mixed Platforms.ActiveCfg = Release|Any CPU
		{FDC51E4E-9C7A-424E-BA80-882102C3718D}.Release|Mixed Platforms.Build.0 = Release|Any CPU
		{FDC51E4E-9C7A-424E-BA80-882102C3718D}.Release|x86.ActiveCfg = Release|Any CPU
		{FDC51E4E-9C7A-424E-BA80-882102C3718D}.Release|x86.Build.0 = Release|Any CPU
		{BEF195C8-90BB-4E07-AF4D-393055A9FC7B}.Debug|Any CPU.ActiveCfg = Debug|Any CPU
		{BEF195C8-90BB-4E07-AF4D-393055A9FC7B}.Debug|Any CPU.Build.0 = Debug|Any CPU
		{BEF195C8-90BB-4E07-AF4D-393055A9FC7B}.Debug|Mixed Platforms.ActiveCfg = Debug|Any CPU
		{BEF195C8-90BB-4E07-AF4D-393055A9FC7B}.Debug|Mixed Platforms.Build.0 = Debug|Any CPU
		{BEF195C8-90BB-4E07-AF4D-393055A9FC7B}.Debug|x86.ActiveCfg = Debug|Any CPU
		{BEF195C8-90BB-4E07-AF4D-393055A9FC7B}.Debug|x86.Build.0 = Debug|Any CPU
		{BEF195C8-90BB-4E07-AF4D-393055A9FC7B}.OData-debug|Any CPU.ActiveCfg = Release|Any CPU
		{BEF195C8-90BB-4E07-AF4D-393055A9FC7B}.OData-debug|Any CPU.Build.0 = Release|Any CPU
		{BEF195C8-90BB-4E07-AF4D-393055A9FC7B}.OData-debug|Mixed Platforms.ActiveCfg = Release|Any CPU
		{BEF195C8-90BB-4E07-AF4D-393055A9FC7B}.OData-debug|Mixed Platforms.Build.0 = Release|Any CPU
		{BEF195C8-90BB-4E07-AF4D-393055A9FC7B}.OData-debug|x86.ActiveCfg = Release|Any CPU
		{BEF195C8-90BB-4E07-AF4D-393055A9FC7B}.OData-debug|x86.Build.0 = Release|Any CPU
		{BEF195C8-90BB-4E07-AF4D-393055A9FC7B}.Release|Any CPU.ActiveCfg = Release|Any CPU
		{BEF195C8-90BB-4E07-AF4D-393055A9FC7B}.Release|Any CPU.Build.0 = Release|Any CPU
		{BEF195C8-90BB-4E07-AF4D-393055A9FC7B}.Release|Mixed Platforms.ActiveCfg = Release|Any CPU
		{BEF195C8-90BB-4E07-AF4D-393055A9FC7B}.Release|Mixed Platforms.Build.0 = Release|Any CPU
		{BEF195C8-90BB-4E07-AF4D-393055A9FC7B}.Release|x86.ActiveCfg = Release|Any CPU
		{BEF195C8-90BB-4E07-AF4D-393055A9FC7B}.Release|x86.Build.0 = Release|Any CPU
	EndGlobalSection
	GlobalSection(SolutionProperties) = preSolution
		HideSolutionNode = FALSE
	EndGlobalSection
	GlobalSection(TestCaseManagementSettings) = postSolution
		CategoryFile = Breeze.vsmdi
	EndGlobalSection
EndGlobal
