
Microsoft Visual Studio Solution File, Format Version 12.00
# Visual Studio Version 18
VisualStudioVersion = 18.10.12120.281
MinimumVisualStudioVersion = 10.0.40219.1
Project("{2150E333-8FDC-42A3-9474-1A3956D46DE8}") = "Solution Items", "Solution Items", "{1E8AE90D-3456-4606-861C-392FD1BCDB8D}"
	ProjectSection(SolutionItems) = preProject
		.editorconfig = .editorconfig
	EndProjectSection
EndProject
Project("{FAE04EC0-301F-11D3-BF4B-00C04F79EFBC}") = "Breeze.Persistence.NH", "..\..\DotNet\Breeze.Persistence.NH\Breeze.Persistence.NH.csproj", "{D08FDA2A-ADD4-BF5A-A49E-BC477A401D79}"
EndProject
Project("{FAE04EC0-301F-11D3-BF4B-00C04F79EFBC}") = "Breeze.AspNetCore.NetCore", "..\..\DotNet\Breeze.AspNetCore.NetCore\Breeze.AspNetCore.NetCore.csproj", "{D87086D7-B9EB-AEEC-4016-0F55B32E148A}"
EndProject
Project("{FAE04EC0-301F-11D3-BF4B-00C04F79EFBC}") = "Model_Inheritance_NH.net6", "..\Model_Inheritance_NH\Model_Inheritance_NH.net6.csproj", "{2B39BB15-A992-652B-C84A-798A067F9D1E}"
EndProject
Project("{FAE04EC0-301F-11D3-BF4B-00C04F79EFBC}") = "Model_NorthwindIB_NH.net6", "..\Model_NorthwindIB_NH\Model_NorthwindIB_NH.net6.csproj", "{8BD1CE20-CC84-E82C-1569-29F5906B978B}"
EndProject
Project("{FAE04EC0-301F-11D3-BF4B-00C04F79EFBC}") = "Model_Produce_NH.net6", "..\Model_Produce_NH\Model_Produce_NH.net6.csproj", "{F58FC761-13AC-F402-3930-C0D5A8BBD5CE}"
EndProject
Project("{FAE04EC0-301F-11D3-BF4B-00C04F79EFBC}") = "Test.AspNetCore6.NH", "Test.AspNetCore6.NH.csproj", "{3C19ADBD-F68F-2104-2BA8-BC756D4CD3FF}"
EndProject
Global
	GlobalSection(SolutionConfigurationPlatforms) = preSolution
		Debug|Any CPU = Debug|Any CPU
		Release|Any CPU = Release|Any CPU
	EndGlobalSection
	GlobalSection(ProjectConfigurationPlatforms) = postSolution
		{D08FDA2A-ADD4-BF5A-A49E-BC477A401D79}.Debug|Any CPU.ActiveCfg = Debug|Any CPU
		{D08FDA2A-ADD4-BF5A-A49E-BC477A401D79}.Debug|Any CPU.Build.0 = Debug|Any CPU
		{D08FDA2A-ADD4-BF5A-A49E-BC477A401D79}.Release|Any CPU.ActiveCfg = Release|Any CPU
		{D08FDA2A-ADD4-BF5A-A49E-BC477A401D79}.Release|Any CPU.Build.0 = Release|Any CPU
		{D87086D7-B9EB-AEEC-4016-0F55B32E148A}.Debug|Any CPU.ActiveCfg = Debug|Any CPU
		{D87086D7-B9EB-AEEC-4016-0F55B32E148A}.Debug|Any CPU.Build.0 = Debug|Any CPU
		{D87086D7-B9EB-AEEC-4016-0F55B32E148A}.Release|Any CPU.ActiveCfg = Release|Any CPU
		{D87086D7-B9EB-AEEC-4016-0F55B32E148A}.Release|Any CPU.Build.0 = Release|Any CPU
		{2B39BB15-A992-652B-C84A-798A067F9D1E}.Debug|Any CPU.ActiveCfg = Debug|Any CPU
		{2B39BB15-A992-652B-C84A-798A067F9D1E}.Debug|Any CPU.Build.0 = Debug|Any CPU
		{2B39BB15-A992-652B-C84A-798A067F9D1E}.Release|Any CPU.ActiveCfg = Release|Any CPU
		{2B39BB15-A992-652B-C84A-798A067F9D1E}.Release|Any CPU.Build.0 = Release|Any CPU
		{8BD1CE20-CC84-E82C-1569-29F5906B978B}.Debug|Any CPU.ActiveCfg = Debug|Any CPU
		{8BD1CE20-CC84-E82C-1569-29F5906B978B}.Debug|Any CPU.Build.0 = Debug|Any CPU
		{8BD1CE20-CC84-E82C-1569-29F5906B978B}.Release|Any CPU.ActiveCfg = Release|Any CPU
		{8BD1CE20-CC84-E82C-1569-29F5906B978B}.Release|Any CPU.Build.0 = Release|Any CPU
		{F58FC761-13AC-F402-3930-C0D5A8BBD5CE}.Debug|Any CPU.ActiveCfg = Debug|Any CPU
		{F58FC761-13AC-F402-3930-C0D5A8BBD5CE}.Debug|Any CPU.Build.0 = Debug|Any CPU
		{F58FC761-13AC-F402-3930-C0D5A8BBD5CE}.Release|Any CPU.ActiveCfg = Release|Any CPU
		{F58FC761-13AC-F402-3930-C0D5A8BBD5CE}.Release|Any CPU.Build.0 = Release|Any CPU
		{3C19ADBD-F68F-2104-2BA8-BC756D4CD3FF}.Debug|Any CPU.ActiveCfg = Debug|Any CPU
		{3C19ADBD-F68F-2104-2BA8-BC756D4CD3FF}.Debug|Any CPU.Build.0 = Debug|Any CPU
		{3C19ADBD-F68F-2104-2BA8-BC756D4CD3FF}.Release|Any CPU.ActiveCfg = Release|Any CPU
		{3C19ADBD-F68F-2104-2BA8-BC756D4CD3FF}.Release|Any CPU.Build.0 = Release|Any CPU
	EndGlobalSection
	GlobalSection(SolutionProperties) = preSolution
		HideSolutionNode = FALSE
	EndGlobalSection
	GlobalSection(ExtensibilityGlobals) = postSolution
		SolutionGuid = {5E2E1E29-904E-45ED-8EE2-FEDEE75DE081}
	EndGlobalSection
EndGlobal
