
Microsoft Visual Studio Solution File, Format Version 12.00
# Visual Studio Version 16
VisualStudioVersion = 16.0.31105.61
MinimumVisualStudioVersion = 10.0.40219.1
Project("{9A19103F-16F7-4668-BE54-9A1E7A4F7556}") = "Breeze.Persistence.NH", "Breeze.Persistence.NH\Breeze.Persistence.NH.csproj", "{44D47346-BA9C-49DB-90F8-EEF3011F1FCD}"
EndProject
Project("{9A19103F-16F7-4668-BE54-9A1E7A4F7556}") = "Breeze.Core", "Breeze.Core\Breeze.Core.csproj", "{FDCFC059-A95E-4079-90A6-05147B7BB883}"
EndProject
Project("{9A19103F-16F7-4668-BE54-9A1E7A4F7556}") = "Breeze.Persistence", "Breeze.Persistence\Breeze.Persistence.csproj", "{9246027C-573F-463D-8C04-D9252043CAC1}"
EndProject
Project("{9A19103F-16F7-4668-BE54-9A1E7A4F7556}") = "Breeze.AspNetCore.NetCore", "Breeze.AspNetCore.NetCore\Breeze.AspNetCore.NetCore.csproj", "{57341B6A-5632-4AE0-9BBD-15EFDBC265DD}"
EndProject
Global
	GlobalSection(SolutionConfigurationPlatforms) = preSolution
		Debug|Any CPU = Debug|Any CPU
		Release|Any CPU = Release|Any CPU
	EndGlobalSection
	GlobalSection(ProjectConfigurationPlatforms) = postSolution
		{44D47346-BA9C-49DB-90F8-EEF3011F1FCD}.Debug|Any CPU.ActiveCfg = Debug|Any CPU
		{44D47346-BA9C-49DB-90F8-EEF3011F1FCD}.Debug|Any CPU.Build.0 = Debug|Any CPU
		{44D47346-BA9C-49DB-90F8-EEF3011F1FCD}.Release|Any CPU.ActiveCfg = Release|Any CPU
		{44D47346-BA9C-49DB-90F8-EEF3011F1FCD}.Release|Any CPU.Build.0 = Release|Any CPU
		{FDCFC059-A95E-4079-90A6-05147B7BB883}.Debug|Any CPU.ActiveCfg = Debug|Any CPU
		{FDCFC059-A95E-4079-90A6-05147B7BB883}.Debug|Any CPU.Build.0 = Debug|Any CPU
		{FDCFC059-A95E-4079-90A6-05147B7BB883}.Release|Any CPU.ActiveCfg = Release|Any CPU
		{FDCFC059-A95E-4079-90A6-05147B7BB883}.Release|Any CPU.Build.0 = Release|Any CPU
		{9246027C-573F-463D-8C04-D9252043CAC1}.Debug|Any CPU.ActiveCfg = Debug|Any CPU
		{9246027C-573F-463D-8C04-D9252043CAC1}.Debug|Any CPU.Build.0 = Debug|Any CPU
		{9246027C-573F-463D-8C04-D9252043CAC1}.Release|Any CPU.ActiveCfg = Release|Any CPU
		{9246027C-573F-463D-8C04-D9252043CAC1}.Release|Any CPU.Build.0 = Release|Any CPU
		{57341B6A-5632-4AE0-9BBD-15EFDBC265DD}.Debug|Any CPU.ActiveCfg = Debug|Any CPU
		{57341B6A-5632-4AE0-9BBD-15EFDBC265DD}.Debug|Any CPU.Build.0 = Debug|Any CPU
		{57341B6A-5632-4AE0-9BBD-15EFDBC265DD}.Release|Any CPU.ActiveCfg = Release|Any CPU
		{57341B6A-5632-4AE0-9BBD-15EFDBC265DD}.Release|Any CPU.Build.0 = Release|Any CPU
	EndGlobalSection
	GlobalSection(SolutionProperties) = preSolution
		HideSolutionNode = FALSE
	EndGlobalSection
	GlobalSection(ExtensibilityGlobals) = postSolution
		SolutionGuid = {30EEE341-0908-4A80-9C56-11437EF35BF2}
	EndGlobalSection
EndGlobal
