
Microsoft Visual Studio Solution File, Format Version 12.00
# Visual Studio Version 16
VisualStudioVersion = 16.0.29503.13
MinimumVisualStudioVersion = 10.0.40219.1
Project("{FAE04EC0-301F-11D3-BF4B-00C04F79EFBC}") = "Model.NorthwindIB_CF.EFCore3", "Model.NorthwindIB_CF.EFCore3.csproj", "{678DA5DC-2A75-4015-9D90-FFBD85ADF21A}"
EndProject
Global
	GlobalSection(SolutionConfigurationPlatforms) = preSolution
		Debug|Any CPU = Debug|Any CPU
		Release|Any CPU = Release|Any CPU
	EndGlobalSection
	GlobalSection(ProjectConfigurationPlatforms) = postSolution
		{678DA5DC-2A75-4015-9D90-FFBD85ADF21A}.Debug|Any CPU.ActiveCfg = Debug|Any CPU
		{678DA5DC-2A75-4015-9D90-FFBD85ADF21A}.Debug|Any CPU.Build.0 = Debug|Any CPU
		{678DA5DC-2A75-4015-9D90-FFBD85ADF21A}.Release|Any CPU.ActiveCfg = Release|Any CPU
		{678DA5DC-2A75-4015-9D90-FFBD85ADF21A}.Release|Any CPU.Build.0 = Release|Any CPU
	EndGlobalSection
	GlobalSection(SolutionProperties) = preSolution
		HideSolutionNode = FALSE
	EndGlobalSection
	GlobalSection(ExtensibilityGlobals) = postSolution
		SolutionGuid = {0F57A10F-16B0-4E1B-A6D6-F2912D80761A}
	EndGlobalSection
EndGlobal
